
Microsoft Visual Studio Solution File, Format Version 12.00
# Visual Studio 2013
VisualStudioVersion = 12.0.30723.0
MinimumVisualStudioVersion = 10.0.40219.1
Project("{2150E333-8FDC-42A3-9474-1A3956D46DE8}") = "Data", "Data", "{37E10A0C-2F4F-4DE0-AAD9-94CF666A0CC0}"
EndProject
Project("{2150E333-8FDC-42A3-9474-1A3956D46DE8}") = "Web", "Web", "{55E7BDCA-A2E0-4E6A-938C-33D0C502D7BD}"
EndProject
Project("{FAE04EC0-301F-11D3-BF4B-00C04F79EFBC}") = "SaveTheSnails.Data", "Data\SaveTheSnails.Data\SaveTheSnails.Data.csproj", "{BE7353F0-4579-4568-82F6-8DE4E31BDCBC}"
EndProject
Project("{FAE04EC0-301F-11D3-BF4B-00C04F79EFBC}") = "SaveTheSnails.Data.Models", "Data\SaveTheSnails.Data.Models\SaveTheSnails.Data.Models.csproj", "{80E4A893-1E89-47E2-AC3F-AC65169F4EB6}"
EndProject
Project("{FAE04EC0-301F-11D3-BF4B-00C04F79EFBC}") = "SaveTheSnails.Web", "Web\SaveTheSnails.Web\SaveTheSnails.Web.csproj", "{3B1BD488-5493-4346-8FD3-DF535FC58CCE}"
EndProject
Project("{FAE04EC0-301F-11D3-BF4B-00C04F79EFBC}") = "SaveTheSnails.Data.Common", "Data\SaveTheSnails.Data.Common\SaveTheSnails.Data.Common.csproj", "{CBA962DE-B5B7-4E2D-B37C-3FAD4B8EB19E}"
EndProject
Project("{FAE04EC0-301F-11D3-BF4B-00C04F79EFBC}") = "SaveTheSnails.Web.Infrastructure", "Web\SaveTheSnails.Web.Infrastructure\SaveTheSnails.Web.Infrastructure.csproj", "{9791307B-3476-4CD3-AE80-756CA783312B}"
EndProject
Global
	GlobalSection(SolutionConfigurationPlatforms) = preSolution
		Debug|Any CPU = Debug|Any CPU
		Release|Any CPU = Release|Any CPU
	EndGlobalSection
	GlobalSection(ProjectConfigurationPlatforms) = postSolution
		{BE7353F0-4579-4568-82F6-8DE4E31BDCBC}.Debug|Any CPU.ActiveCfg = Debug|Any CPU
		{BE7353F0-4579-4568-82F6-8DE4E31BDCBC}.Debug|Any CPU.Build.0 = Debug|Any CPU
		{BE7353F0-4579-4568-82F6-8DE4E31BDCBC}.Release|Any CPU.ActiveCfg = Release|Any CPU
		{BE7353F0-4579-4568-82F6-8DE4E31BDCBC}.Release|Any CPU.Build.0 = Release|Any CPU
		{80E4A893-1E89-47E2-AC3F-AC65169F4EB6}.Debug|Any CPU.ActiveCfg = Debug|Any CPU
		{80E4A893-1E89-47E2-AC3F-AC65169F4EB6}.Debug|Any CPU.Build.0 = Debug|Any CPU
		{80E4A893-1E89-47E2-AC3F-AC65169F4EB6}.Release|Any CPU.ActiveCfg = Release|Any CPU
		{80E4A893-1E89-47E2-AC3F-AC65169F4EB6}.Release|Any CPU.Build.0 = Release|Any CPU
		{3B1BD488-5493-4346-8FD3-DF535FC58CCE}.Debug|Any CPU.ActiveCfg = Debug|Any CPU
		{3B1BD488-5493-4346-8FD3-DF535FC58CCE}.Debug|Any CPU.Build.0 = Debug|Any CPU
		{3B1BD488-5493-4346-8FD3-DF535FC58CCE}.Release|Any CPU.ActiveCfg = Release|Any CPU
		{3B1BD488-5493-4346-8FD3-DF535FC58CCE}.Release|Any CPU.Build.0 = Release|Any CPU
		{CBA962DE-B5B7-4E2D-B37C-3FAD4B8EB19E}.Debug|Any CPU.ActiveCfg = Debug|Any CPU
		{CBA962DE-B5B7-4E2D-B37C-3FAD4B8EB19E}.Debug|Any CPU.Build.0 = Debug|Any CPU
		{CBA962DE-B5B7-4E2D-B37C-3FAD4B8EB19E}.Release|Any CPU.ActiveCfg = Release|Any CPU
		{CBA962DE-B5B7-4E2D-B37C-3FAD4B8EB19E}.Release|Any CPU.Build.0 = Release|Any CPU
		{9791307B-3476-4CD3-AE80-756CA783312B}.Debug|Any CPU.ActiveCfg = Debug|Any CPU
		{9791307B-3476-4CD3-AE80-756CA783312B}.Debug|Any CPU.Build.0 = Debug|Any CPU
		{9791307B-3476-4CD3-AE80-756CA783312B}.Release|Any CPU.ActiveCfg = Release|Any CPU
		{9791307B-3476-4CD3-AE80-756CA783312B}.Release|Any CPU.Build.0 = Release|Any CPU
	EndGlobalSection
	GlobalSection(SolutionProperties) = preSolution
		HideSolutionNode = FALSE
	EndGlobalSection
	GlobalSection(NestedProjects) = preSolution
		{BE7353F0-4579-4568-82F6-8DE4E31BDCBC} = {37E10A0C-2F4F-4DE0-AAD9-94CF666A0CC0}
		{80E4A893-1E89-47E2-AC3F-AC65169F4EB6} = {37E10A0C-2F4F-4DE0-AAD9-94CF666A0CC0}
		{3B1BD488-5493-4346-8FD3-DF535FC58CCE} = {55E7BDCA-A2E0-4E6A-938C-33D0C502D7BD}
		{CBA962DE-B5B7-4E2D-B37C-3FAD4B8EB19E} = {37E10A0C-2F4F-4DE0-AAD9-94CF666A0CC0}
		{9791307B-3476-4CD3-AE80-756CA783312B} = {55E7BDCA-A2E0-4E6A-938C-33D0C502D7BD}
	EndGlobalSection
EndGlobal
